
Microsoft Visual Studio Solution File, Format Version 12.00
# Visual Studio 15
VisualStudioVersion = 15.0.28307.1972
MinimumVisualStudioVersion = 10.0.40219.1
Project("{FAE04EC0-301F-11D3-BF4B-00C04F79EFBC}") = "Aplicacion de Usuario", "Proyecto\Aplicacion de Usuario.csproj", "{5AFEE28F-F75B-4B5B-ABD2-4302BB6AA373}"
EndProject
Global
	GlobalSection(SolutionConfigurationPlatforms) = preSolution
		Debug|Any CPU = Debug|Any CPU
		Release|Any CPU = Release|Any CPU
	EndGlobalSection
	GlobalSection(ProjectConfigurationPlatforms) = postSolution
		{5AFEE28F-F75B-4B5B-ABD2-4302BB6AA373}.Debug|Any CPU.ActiveCfg = Debug|Any CPU
		{5AFEE28F-F75B-4B5B-ABD2-4302BB6AA373}.Debug|Any CPU.Build.0 = Debug|Any CPU
		{5AFEE28F-F75B-4B5B-ABD2-4302BB6AA373}.Release|Any CPU.ActiveCfg = Release|Any CPU
		{5AFEE28F-F75B-4B5B-ABD2-4302BB6AA373}.Release|Any CPU.Build.0 = Release|Any CPU
	EndGlobalSection
	GlobalSection(SolutionProperties) = preSolution
		HideSolutionNode = FALSE
	EndGlobalSection
	GlobalSection(ExtensibilityGlobals) = postSolution
		SolutionGuid = {55A9FCF8-0BA0-4C8E-AA37-7F536FA10C93}
	EndGlobalSection
EndGlobal
